{
  "version": 4,
  "terraform_version": "1.4.5",
  "serial": 35,
  "lineage": "c965113a-1234-953e-ddec-ea3e5d466d78",
  "outputs": {},
  "resources": [
    {
      "mode": "managed",
      "type": "aws_key_pair",
      "name": "key-tf",
      "provider": "provider[\"registry.terraform.io/hashicorp/aws\"]",
      "instances": [
        {
          "schema_version": 1,
          "attributes": {
            "arn": "arn:aws:ec2:ap-south-1:208271282160:key-pair/key-tf",
            "fingerprint": "c6:2e:b0:d9:32:9c:90:d8:65:4d:c6:30:32:70:7c:1e",
            "id": "key-tf",
            "key_name": "key-tf",
            "key_name_prefix": "",
            "key_pair_id": "key-03612645c13f5fc6e",
            "key_type": "rsa",
            "public_key": "ssh-rsa AAAAB3NzaC1yc2EAAAADAQABAAABgQCy3EaZam+pMQKEYp1KrWUXFXuYMrfLBBitzcKzSLD9lDQB/24ycMf5U1HPFqDK0b4PMFt2FumsVIXNIKPIto6UcaOb9WbiFF0THMMLltZPOUEngOVLwzA1dRhfWS/f/l9DsR5UsEKNeLnDGG87OlspUljRWKiUbg1lnDkFByiC6LktoDrXerA1oFw6TOazC0nbmJDsOmQ9ABdcjE0uI3eQ7kbzvS6UcLsf5X11mq01JVjqHYR9oYxeduVLOpLofYACVetgrh394zFDmo590vXz9ir1AA8CK/LQtdqXCfNcoWFSoalrekMuYBaR6Heiz5QSPxWKiHb+TLmlyiHAXdR/wrfoGZ/9va2HE3R9XaYSgrOcilOtAz+dIMpLFkZvNy6b0Jj/eLH5AxJwr8mUshWzL1wB1prKXu+2eZsSnsND397mH+jU8B9wgCPM4YA3S+WIkKmtNpwJKqsdrNc8iRFg7m0WuaJkJXnYrIP8SPUG5sHY0p/g0OcRn6617me8R8U= chinm@GamechangerXD",
            "tags": null,
            "tags_all": {}
          },
          "sensitive_attributes": [],
          "private": "eyJzY2hlbWFfdmVyc2lvbiI6IjEifQ=="
        }
      ]
    },
    {
      "mode": "managed",
      "type": "aws_security_group",
      "name": "allow_tls",
      "provider": "provider[\"registry.terraform.io/hashicorp/aws\"]",
      "instances": [
        {
          "schema_version": 1,
          "attributes": {
            "arn": "arn:aws:ec2:ap-south-1:208271282160:security-group/sg-0496ab5b60af419cc",
            "description": "Allow TLS inbound traffic",
            "egress": [],
            "id": "sg-0496ab5b60af419cc",
            "ingress": [
              {
                "cidr_blocks": [
                  "0.0.0.0/0"
                ],
                "description": "TLS from VPC",
                "from_port": 22,
                "ipv6_cidr_blocks": [],
                "prefix_list_ids": [],
                "protocol": "tcp",
                "security_groups": [],
                "self": false,
                "to_port": 22
              },
              {
                "cidr_blocks": [
                  "0.0.0.0/0"
                ],
                "description": "TLS from VPC",
                "from_port": 2703,
                "ipv6_cidr_blocks": [],
                "prefix_list_ids": [],
                "protocol": "tcp",
                "security_groups": [],
                "self": false,
                "to_port": 2703
              },
              {
                "cidr_blocks": [
                  "0.0.0.0/0"
                ],
                "description": "TLS from VPC",
                "from_port": 443,
                "ipv6_cidr_blocks": [],
                "prefix_list_ids": [],
                "protocol": "tcp",
                "security_groups": [],
                "self": false,
                "to_port": 443
              },
              {
                "cidr_blocks": [
                  "0.0.0.0/0"
                ],
                "description": "TLS from VPC",
                "from_port": 80,
                "ipv6_cidr_blocks": [],
                "prefix_list_ids": [],
                "protocol": "tcp",
                "security_groups": [],
                "self": false,
                "to_port": 80
              }
            ],
            "name": "checkkk",
            "name_prefix": "",
            "owner_id": "208271282160",
            "revoke_rules_on_delete": false,
            "tags": null,
            "tags_all": {},
            "timeouts": null,
            "vpc_id": "vpc-03aa5dec6b0a064ec"
          },
          "sensitive_attributes": [],
          "private": "eyJlMmJmYjczMC1lY2FhLTExZTYtOGY4OC0zNDM2M2JjN2M0YzAiOnsiY3JlYXRlIjo2MDAwMDAwMDAwMDAsImRlbGV0ZSI6OTAwMDAwMDAwMDAwfSwic2NoZW1hX3ZlcnNpb24iOiIxIn0="
        }
      ]
    }
  ],
  "check_results": null
}
