{
  "version": 4,
  "terraform_version": "1.4.5",
  "serial": 74,
  "lineage": "29f4f63e-7f51-492e-a6dd-07f64ddf4595",
  "outputs": {},
  "resources": [
    {
      "mode": "managed",
      "type": "aws_instance",
      "name": "name",
      "provider": "provider[\"registry.terraform.io/hashicorp/aws\"]",
      "instances": [
        {
          "schema_version": 1,
          "attributes": {
            "ami": "ami-0c768662cc797cd75",
            "arn": "arn:aws:ec2:ap-south-1:208271282160:instance/i-08d4d78522d64c55a",
            "associate_public_ip_address": true,
            "availability_zone": "ap-south-1a",
            "capacity_reservation_specification": [
              {
                "capacity_reservation_preference": "open",
                "capacity_reservation_target": []
              }
            ],
            "cpu_core_count": 1,
            "cpu_threads_per_core": 1,
            "credit_specification": [
              {
                "cpu_credits": "standard"
              }
            ],
            "disable_api_stop": false,
            "disable_api_termination": false,
            "ebs_block_device": [],
            "ebs_optimized": false,
            "enclave_options": [
              {
                "enabled": false
              }
            ],
            "ephemeral_block_device": [],
            "get_password_data": false,
            "hibernation": false,
            "host_id": "",
            "host_resource_group_arn": null,
            "iam_instance_profile": "",
            "id": "i-08d4d78522d64c55a",
            "instance_initiated_shutdown_behavior": "stop",
            "instance_state": "running",
            "instance_type": "t2.micro",
            "ipv6_address_count": 0,
            "ipv6_addresses": [],
            "key_name": "chinmay",
            "launch_template": [],
            "maintenance_options": [
              {
                "auto_recovery": "default"
              }
            ],
            "metadata_options": [
              {
                "http_endpoint": "enabled",
                "http_put_response_hop_limit": 2,
                "http_tokens": "required",
                "instance_metadata_tags": "disabled"
              }
            ],
            "monitoring": false,
            "network_interface": [],
            "outpost_arn": "",
            "password_data": "",
            "placement_group": "",
            "placement_partition_number": 0,
            "primary_network_interface_id": "eni-04ed4cc9601920646",
            "private_dns": "ip-172-31-36-67.ap-south-1.compute.internal",
            "private_dns_name_options": [
              {
                "enable_resource_name_dns_a_record": false,
                "enable_resource_name_dns_aaaa_record": false,
                "hostname_type": "ip-name"
              }
            ],
            "private_ip": "172.31.36.67",
            "public_dns": "ec2-52-66-201-119.ap-south-1.compute.amazonaws.com",
            "public_ip": "52.66.201.119",
            "root_block_device": [
              {
                "delete_on_termination": true,
                "device_name": "/dev/xvda",
                "encrypted": false,
                "iops": 3000,
                "kms_key_id": "",
                "tags": {},
                "throughput": 125,
                "volume_id": "vol-008f9fff7a7e1021a",
                "volume_size": 8,
                "volume_type": "gp3"
              }
            ],
            "secondary_private_ips": [],
            "security_groups": [
              "default"
            ],
            "source_dest_check": true,
            "subnet_id": "subnet-0d34ab523bd5b2bb2",
            "tags": null,
            "tags_all": {},
            "tenancy": "default",
            "timeouts": null,
            "user_data": null,
            "user_data_base64": null,
            "user_data_replace_on_change": false,
            "volume_tags": null,
            "vpc_security_group_ids": [
              "sg-0bf6e3855f12b6eea"
            ]
          },
          "sensitive_attributes": [],
          "private": "eyJlMmJmYjczMC1lY2FhLTExZTYtOGY4OC0zNDM2M2JjN2M0YzAiOnsiY3JlYXRlIjo2MDAwMDAwMDAwMDAsImRlbGV0ZSI6MTIwMDAwMDAwMDAwMCwidXBkYXRlIjo2MDAwMDAwMDAwMDB9LCJzY2hlbWFfdmVyc2lvbiI6IjEifQ==",
          "dependencies": [
            "aws_key_pair.sshkeypair"
          ]
        }
      ]
    },
    {
      "mode": "managed",
      "type": "aws_key_pair",
      "name": "sshkeypair",
      "provider": "provider[\"registry.terraform.io/hashicorp/aws\"]",
      "instances": [
        {
          "schema_version": 1,
          "attributes": {
            "arn": "arn:aws:ec2:ap-south-1:208271282160:key-pair/chinmay",
            "fingerprint": "b6:76:05:f7:c7:c4:ad:39:87:24:e8:f8:3b:84:fe:dd",
            "id": "chinmay",
            "key_name": "chinmay",
            "key_name_prefix": "",
            "key_pair_id": "key-055b3c889a9763e13",
            "key_type": "rsa",
            "public_key": "ssh-rsa AAAAB3NzaC1yc2EAAAADAQABAAABgQDAezixvwV1Z2YS8jVf6LqJFkixZEVrXCcLLWuGc7z/aWWkY7JLVow3d2W4N6xVgQY0mRodoyKqadZwEU4f2KVbEBVnALFCMMuF5mvFYtTbXaPXd235SEq1r+xW3rKZXecyYiVV7jVzN5zxqmqsAzVrfZh+3e69fQWyu3WcQ6VMK34Cd4ApAjVlV9BxIkLGAQokS/mrRMIdm2mlx6CwDucJOv/KT2mLUWFh2BFrh3d9JbP6mg4RM7KLJEZ8lykPc9b3kbrf4dL7arZfr8TPYxjZ0QB/e7Z6bB3V87GScOnf6XL1NDTtDeXMBxdF70VspEsdhuFftWkwUf8XgrtFc/pyEmzAtNavEiEaWu82uMBXQnHMVj5hWnerUiBXInG1yjeDA9ziRdbJfhQT8o2Pi94RDSUwtpzIvmm5vnauCS/EyaO/eyq0CXfEDUbUQsRscpRCE3XnhpiKMo+8yVwSi6GKtaPnrFMk6adAEofm6Diy7C9ITiNXZTRp/8zlATRFx2E= chinm@GamechangerXD",
            "tags": null,
            "tags_all": {}
          },
          "sensitive_attributes": [],
          "private": "eyJzY2hlbWFfdmVyc2lvbiI6IjEifQ=="
        }
      ]
    }
  ],
  "check_results": null
}
