{
  "version": 4,
  "terraform_version": "1.4.5",
  "serial": 43,
  "lineage": "7a44e24d-cf5d-e323-2e6b-627b194bd40b",
  "outputs": {},
  "resources": [
    {
      "mode": "managed",
      "type": "github_repository",
      "name": "terraform-first-repo",
      "provider": "provider[\"registry.terraform.io/hashicorp/github\"]",
      "instances": [
        {
          "schema_version": 1,
          "attributes": {
            "allow_auto_merge": false,
            "allow_merge_commit": true,
            "allow_rebase_merge": true,
            "allow_squash_merge": true,
            "allow_update_branch": false,
            "archive_on_destroy": null,
            "archived": false,
            "auto_init": true,
            "default_branch": "main",
            "delete_branch_on_merge": false,
            "description": "",
            "etag": "W/\"5c95b96ba89eb4b2963b9885df72bf7982a316945290c8eee0a26898c696f2ed\"",
            "full_name": "Jchinmay654/Gitttttttttttttttttttttttttttttttttdddttt",
            "git_clone_url": "git://github.com/Jchinmay654/Gitttttttttttttttttttttttttttttttttdddttt.git",
            "gitignore_template": null,
            "has_discussions": false,
            "has_downloads": false,
            "has_issues": false,
            "has_projects": false,
            "has_wiki": false,
            "homepage_url": "",
            "html_url": "https://github.com/Jchinmay654/Gitttttttttttttttttttttttttttttttttdddttt",
            "http_clone_url": "https://github.com/Jchinmay654/Gitttttttttttttttttttttttttttttttttdddttt.git",
            "id": "Gitttttttttttttttttttttttttttttttttdddttt",
            "ignore_vulnerability_alerts_during_read": null,
            "is_template": false,
            "license_template": null,
            "merge_commit_message": "PR_TITLE",
            "merge_commit_title": "MERGE_MESSAGE",
            "name": "Gitttttttttttttttttttttttttttttttttdddttt",
            "node_id": "R_kgDOJZ87cQ",
            "pages": [],
            "private": false,
            "repo_id": 631192433,
            "security_and_analysis": [
              {
                "advanced_security": [],
                "secret_scanning": [
                  {
                    "status": "disabled"
                  }
                ],
                "secret_scanning_push_protection": [
                  {
                    "status": "disabled"
                  }
                ]
              }
            ],
            "squash_merge_commit_message": "COMMIT_MESSAGES",
            "squash_merge_commit_title": "COMMIT_OR_PR_TITLE",
            "ssh_clone_url": "git@github.com:Jchinmay654/Gitttttttttttttttttttttttttttttttttdddttt.git",
            "svn_url": "https://github.com/Jchinmay654/Gitttttttttttttttttttttttttttttttttdddttt",
            "template": [],
            "topics": [],
            "visibility": "public",
            "vulnerability_alerts": false
          },
          "sensitive_attributes": [],
          "private": "eyJzY2hlbWFfdmVyc2lvbiI6IjEifQ=="
        }
      ]
    }
  ],
  "check_results": null
}
